
Microsoft Visual Studio Solution File, Format Version 12.00
# Visual Studio Version 16
VisualStudioVersion = 16.0.31129.286
MinimumVisualStudioVersion = 10.0.40219.1
Project("{9092AA53-FB77-4645-B42D-1CCCA6BD08BD}") = "LifeGame", "LifeGame.njsproj", "{8EB9C916-85A3-4C8E-9E5F-23A14937538B}"
EndProject
Global
	GlobalSection(SolutionConfigurationPlatforms) = preSolution
		Debug|Any CPU = Debug|Any CPU
		Release|Any CPU = Release|Any CPU
	EndGlobalSection
	GlobalSection(ProjectConfigurationPlatforms) = postSolution
		{8EB9C916-85A3-4C8E-9E5F-23A14937538B}.Debug|Any CPU.ActiveCfg = Debug|Any CPU
		{8EB9C916-85A3-4C8E-9E5F-23A14937538B}.Debug|Any CPU.Build.0 = Debug|Any CPU
		{8EB9C916-85A3-4C8E-9E5F-23A14937538B}.Release|Any CPU.ActiveCfg = Release|Any CPU
		{8EB9C916-85A3-4C8E-9E5F-23A14937538B}.Release|Any CPU.Build.0 = Release|Any CPU
	EndGlobalSection
	GlobalSection(SolutionProperties) = preSolution
		HideSolutionNode = FALSE
	EndGlobalSection
	GlobalSection(ExtensibilityGlobals) = postSolution
		SolutionGuid = {FFB80559-2B32-4A93-90A7-2C1AB5DE17D3}
	EndGlobalSection
EndGlobal
